// !$*UTF8*$!
{
	archiveVersion = 1;
	classes = {
	};
	objectVersion = 55;
	objects = {

/* Begin PBXBuildFile section */
		512BAB1C292A5021004F1D61 /* AppDelegate.swift in Sources */ = {isa = PBXBuildFile; fileRef = 512BAB1B292A5021004F1D61 /* AppDelegate.swift */; };
		512BAB1E292A5021004F1D61 /* SceneDelegate.swift in Sources */ = {isa = PBXBuildFile; fileRef = 512BAB1D292A5021004F1D61 /* SceneDelegate.swift */; };
		512BAB23292A5021004F1D61 /* Main.storyboard in Resources */ = {isa = PBXBuildFile; fileRef = 512BAB21292A5021004F1D61 /* Main.storyboard */; };
		512BAB25292A5024004F1D61 /* Assets.xcassets in Resources */ = {isa = PBXBuildFile; fileRef = 512BAB24292A5024004F1D61 /* Assets.xcassets */; };
		512BAB28292A5024004F1D61 /* LaunchScreen.storyboard in Resources */ = {isa = PBXBuildFile; fileRef = 512BAB26292A5024004F1D61 /* LaunchScreen.storyboard */; };
		512BAB36292A697E004F1D61 /* CoinsMarkets.swift in Sources */ = {isa = PBXBuildFile; fileRef = 512BAB35292A697E004F1D61 /* CoinsMarkets.swift */; };
		51513A472937D0A800D78DD4 /* StorageManager.swift in Sources */ = {isa = PBXBuildFile; fileRef = 51513A462937D0A800D78DD4 /* StorageManager.swift */; };
		51513A4A29380FCF00D78DD4 /* SwiftyGif in Frameworks */ = {isa = PBXBuildFile; productRef = 51513A4929380FCF00D78DD4 /* SwiftyGif */; };
		51513A4E29380FFD00D78DD4 /* LogoAnimationView.swift in Sources */ = {isa = PBXBuildFile; fileRef = 51513A4D29380FFD00D78DD4 /* LogoAnimationView.swift */; };
		51513A502938C30300D78DD4 /* StartViewController.swift in Sources */ = {isa = PBXBuildFile; fileRef = 51513A4F2938C30300D78DD4 /* StartViewController.swift */; };
		51513A5A2938CFB300D78DD4 /* logo.gif in Resources */ = {isa = PBXBuildFile; fileRef = 51513A592938CFB300D78DD4 /* logo.gif */; };
		51513A5E2939166B00D78DD4 /* TabBarViewController.swift in Sources */ = {isa = PBXBuildFile; fileRef = 51513A5D2939166B00D78DD4 /* TabBarViewController.swift */; };
		51C4041B29315EFF00FD0DE6 /* AlertController +.swift in Sources */ = {isa = PBXBuildFile; fileRef = 51C4041A29315EFF00FD0DE6 /* AlertController +.swift */; };
		51D27DD4292BB35E00B8A7AD /* MainPortfolioViewController.swift in Sources */ = {isa = PBXBuildFile; fileRef = 51D27DD3292BB35E00B8A7AD /* MainPortfolioViewController.swift */; };
		51D27DD7292BDE0C00B8A7AD /* SearchTableViewCell.swift in Sources */ = {isa = PBXBuildFile; fileRef = 51D27DD6292BDE0C00B8A7AD /* SearchTableViewCell.swift */; };
		51D27DD9292BE04A00B8A7AD /* NetworkManager.swift in Sources */ = {isa = PBXBuildFile; fileRef = 51D27DD8292BE04A00B8A7AD /* NetworkManager.swift */; };
		51D72440292D3A9000863E7C /* Alamofire in Frameworks */ = {isa = PBXBuildFile; productRef = 51D7243F292D3A9000863E7C /* Alamofire */; };
		51D72442292D5AC800863E7C /* CreateLinkForMarkets.swift in Sources */ = {isa = PBXBuildFile; fileRef = 51D72441292D5AC800863E7C /* CreateLinkForMarkets.swift */; };
		51DF7433292FD58000C30FE7 /* DatailViewController.swift in Sources */ = {isa = PBXBuildFile; fileRef = 51DF7432292FD58000C30FE7 /* DatailViewController.swift */; };
		51F78A9529327EA7006B85EF /* MainTableViewCell.swift in Sources */ = {isa = PBXBuildFile; fileRef = 51F78A9429327EA7006B85EF /* MainTableViewCell.swift */; };
		A33B72592966F4BD00E37ABB /* MainPortfolioViewModel.swift in Sources */ = {isa = PBXBuildFile; fileRef = A33B72582966F4BD00E37ABB /* MainPortfolioViewModel.swift */; };
		A33B725C2966F4EF00E37ABB /* MainCellViewModel.swift in Sources */ = {isa = PBXBuildFile; fileRef = A33B725B2966F4EF00E37ABB /* MainCellViewModel.swift */; };
		A33B725E2966FA9000E37ABB /* Box.swift in Sources */ = {isa = PBXBuildFile; fileRef = A33B725D2966FA9000E37ABB /* Box.swift */; };
		A33B72602967295A00E37ABB /* Assets.swift in Sources */ = {isa = PBXBuildFile; fileRef = A33B725F2967295A00E37ABB /* Assets.swift */; };
		A33B72622967297C00E37ABB /* Coin.swift in Sources */ = {isa = PBXBuildFile; fileRef = A33B72612967297C00E37ABB /* Coin.swift */; };
		A33B726529672ABC00E37ABB /* SearchViewModel.swift in Sources */ = {isa = PBXBuildFile; fileRef = A33B726429672ABC00E37ABB /* SearchViewModel.swift */; };
		A33B72672967377F00E37ABB /* SearchViewController.swift in Sources */ = {isa = PBXBuildFile; fileRef = A33B72662967377F00E37ABB /* SearchViewController.swift */; };
		A33B726A2967429400E37ABB /* DatailViewModel.swift in Sources */ = {isa = PBXBuildFile; fileRef = A33B72692967429400E37ABB /* DatailViewModel.swift */; };
		A33B726C2967541200E37ABB /* SearchCellViewModel.swift in Sources */ = {isa = PBXBuildFile; fileRef = A33B726B2967541200E37ABB /* SearchCellViewModel.swift */; };
		A371AE3C2966175E00E13512 /* UIView +.swift in Sources */ = {isa = PBXBuildFile; fileRef = A371AE3B2966175E00E13512 /* UIView +.swift */; };
		A371AE3F29661CE400E13512 /* Resources.swift in Sources */ = {isa = PBXBuildFile; fileRef = A371AE3E29661CE400E13512 /* Resources.swift */; };
		A371AE4129661E5A00E13512 /* UIColor +.swift in Sources */ = {isa = PBXBuildFile; fileRef = A371AE4029661E5A00E13512 /* UIColor +.swift */; };
/* End PBXBuildFile section */

/* Begin PBXFileReference section */
		512BAB18292A5021004F1D61 /* CoinBackpack.app */ = {isa = PBXFileReference; explicitFileType = wrapper.application; includeInIndex = 0; path = CoinBackpack.app; sourceTree = BUILT_PRODUCTS_DIR; };
		512BAB1B292A5021004F1D61 /* AppDelegate.swift */ = {isa = PBXFileReference; lastKnownFileType = sourcecode.swift; path = AppDelegate.swift; sourceTree = "<group>"; };
		512BAB1D292A5021004F1D61 /* SceneDelegate.swift */ = {isa = PBXFileReference; lastKnownFileType = sourcecode.swift; path = SceneDelegate.swift; sourceTree = "<group>"; };
		512BAB22292A5021004F1D61 /* Base */ = {isa = PBXFileReference; lastKnownFileType = file.storyboard; name = Base; path = Base.lproj/Main.storyboard; sourceTree = "<group>"; };
		512BAB24292A5024004F1D61 /* Assets.xcassets */ = {isa = PBXFileReference; lastKnownFileType = folder.assetcatalog; path = Assets.xcassets; sourceTree = "<group>"; };
		512BAB27292A5024004F1D61 /* Base */ = {isa = PBXFileReference; lastKnownFileType = file.storyboard; name = Base; path = Base.lproj/LaunchScreen.storyboard; sourceTree = "<group>"; };
		512BAB29292A5024004F1D61 /* Info.plist */ = {isa = PBXFileReference; lastKnownFileType = text.plist.xml; path = Info.plist; sourceTree = "<group>"; };
		512BAB35292A697E004F1D61 /* CoinsMarkets.swift */ = {isa = PBXFileReference; lastKnownFileType = sourcecode.swift; path = CoinsMarkets.swift; sourceTree = "<group>"; };
		51513A462937D0A800D78DD4 /* StorageManager.swift */ = {isa = PBXFileReference; lastKnownFileType = sourcecode.swift; path = StorageManager.swift; sourceTree = "<group>"; };
		51513A4D29380FFD00D78DD4 /* LogoAnimationView.swift */ = {isa = PBXFileReference; lastKnownFileType = sourcecode.swift; path = LogoAnimationView.swift; sourceTree = "<group>"; };
		51513A4F2938C30300D78DD4 /* StartViewController.swift */ = {isa = PBXFileReference; lastKnownFileType = sourcecode.swift; path = StartViewController.swift; sourceTree = "<group>"; };
		51513A592938CFB300D78DD4 /* logo.gif */ = {isa = PBXFileReference; lastKnownFileType = image.gif; path = logo.gif; sourceTree = "<group>"; };
		51513A5D2939166B00D78DD4 /* TabBarViewController.swift */ = {isa = PBXFileReference; lastKnownFileType = sourcecode.swift; path = TabBarViewController.swift; sourceTree = "<group>"; };
		51C4041A29315EFF00FD0DE6 /* AlertController +.swift */ = {isa = PBXFileReference; lastKnownFileType = sourcecode.swift; path = "AlertController +.swift"; sourceTree = "<group>"; };
		51D27DD3292BB35E00B8A7AD /* MainPortfolioViewController.swift */ = {isa = PBXFileReference; lastKnownFileType = sourcecode.swift; path = MainPortfolioViewController.swift; sourceTree = "<group>"; };
		51D27DD6292BDE0C00B8A7AD /* SearchTableViewCell.swift */ = {isa = PBXFileReference; lastKnownFileType = sourcecode.swift; path = SearchTableViewCell.swift; sourceTree = "<group>"; };
		51D27DD8292BE04A00B8A7AD /* NetworkManager.swift */ = {isa = PBXFileReference; lastKnownFileType = sourcecode.swift; path = NetworkManager.swift; sourceTree = "<group>"; };
		51D72441292D5AC800863E7C /* CreateLinkForMarkets.swift */ = {isa = PBXFileReference; lastKnownFileType = sourcecode.swift; path = CreateLinkForMarkets.swift; sourceTree = "<group>"; };
		51DF7432292FD58000C30FE7 /* DatailViewController.swift */ = {isa = PBXFileReference; lastKnownFileType = sourcecode.swift; path = DatailViewController.swift; sourceTree = "<group>"; };
		51F78A9429327EA7006B85EF /* MainTableViewCell.swift */ = {isa = PBXFileReference; lastKnownFileType = sourcecode.swift; path = MainTableViewCell.swift; sourceTree = "<group>"; };
		A33B72582966F4BD00E37ABB /* MainPortfolioViewModel.swift */ = {isa = PBXFileReference; lastKnownFileType = sourcecode.swift; path = MainPortfolioViewModel.swift; sourceTree = "<group>"; };
		A33B725B2966F4EF00E37ABB /* MainCellViewModel.swift */ = {isa = PBXFileReference; lastKnownFileType = sourcecode.swift; path = MainCellViewModel.swift; sourceTree = "<group>"; };
		A33B725D2966FA9000E37ABB /* Box.swift */ = {isa = PBXFileReference; lastKnownFileType = sourcecode.swift; path = Box.swift; sourceTree = "<group>"; };
		A33B725F2967295A00E37ABB /* Assets.swift */ = {isa = PBXFileReference; lastKnownFileType = sourcecode.swift; path = Assets.swift; sourceTree = "<group>"; };
		A33B72612967297C00E37ABB /* Coin.swift */ = {isa = PBXFileReference; lastKnownFileType = sourcecode.swift; path = Coin.swift; sourceTree = "<group>"; };
		A33B726429672ABC00E37ABB /* SearchViewModel.swift */ = {isa = PBXFileReference; lastKnownFileType = sourcecode.swift; path = SearchViewModel.swift; sourceTree = "<group>"; };
		A33B72662967377F00E37ABB /* SearchViewController.swift */ = {isa = PBXFileReference; lastKnownFileType = sourcecode.swift; path = SearchViewController.swift; sourceTree = "<group>"; };
		A33B72692967429400E37ABB /* DatailViewModel.swift */ = {isa = PBXFileReference; lastKnownFileType = sourcecode.swift; path = DatailViewModel.swift; sourceTree = "<group>"; };
		A33B726B2967541200E37ABB /* SearchCellViewModel.swift */ = {isa = PBXFileReference; lastKnownFileType = sourcecode.swift; path = SearchCellViewModel.swift; sourceTree = "<group>"; };
		A371AE3B2966175E00E13512 /* UIView +.swift */ = {isa = PBXFileReference; lastKnownFileType = sourcecode.swift; path = "UIView +.swift"; sourceTree = "<group>"; };
		A371AE3E29661CE400E13512 /* Resources.swift */ = {isa = PBXFileReference; lastKnownFileType = sourcecode.swift; path = Resources.swift; sourceTree = "<group>"; };
		A371AE4029661E5A00E13512 /* UIColor +.swift */ = {isa = PBXFileReference; lastKnownFileType = sourcecode.swift; path = "UIColor +.swift"; sourceTree = "<group>"; };
/* End PBXFileReference section */

/* Begin PBXFrameworksBuildPhase section */
		512BAB15292A5021004F1D61 /* Frameworks */ = {
			isa = PBXFrameworksBuildPhase;
			buildActionMask = 2147483647;
			files = (
				51D72440292D3A9000863E7C /* Alamofire in Frameworks */,
				51513A4A29380FCF00D78DD4 /* SwiftyGif in Frameworks */,
			);
			runOnlyForDeploymentPostprocessing = 0;
		};
/* End PBXFrameworksBuildPhase section */

/* Begin PBXGroup section */
		512BAB0F292A5021004F1D61 = {
			isa = PBXGroup;
			children = (
				512BAB1A292A5021004F1D61 /* CoinBackpack */,
				512BAB19292A5021004F1D61 /* Products */,
			);
			sourceTree = "<group>";
		};
		512BAB19292A5021004F1D61 /* Products */ = {
			isa = PBXGroup;
			children = (
				512BAB18292A5021004F1D61 /* CoinBackpack.app */,
			);
			name = Products;
			sourceTree = "<group>";
		};
		512BAB1A292A5021004F1D61 /* CoinBackpack */ = {
			isa = PBXGroup;
			children = (
				A371AE3D29661C9F00E13512 /* Helper */,
				512BAB33292A690C004F1D61 /* Models */,
				512BAB34292A6924004F1D61 /* Services */,
				512BAB32292A68FC004F1D61 /* ViewControllers */,
				512BAB31292A68E7004F1D61 /* Storyboards */,
				512BAB30292A68D5004F1D61 /* Sourse */,
				512BAB2F292A68B4004F1D61 /* SupportingFiles */,
			);
			path = CoinBackpack;
			sourceTree = "<group>";
		};
		512BAB2F292A68B4004F1D61 /* SupportingFiles */ = {
			isa = PBXGroup;
			children = (
				512BAB1B292A5021004F1D61 /* AppDelegate.swift */,
				512BAB1D292A5021004F1D61 /* SceneDelegate.swift */,
				512BAB29292A5024004F1D61 /* Info.plist */,
			);
			path = SupportingFiles;
			sourceTree = "<group>";
		};
		512BAB30292A68D5004F1D61 /* Sourse */ = {
			isa = PBXGroup;
			children = (
				51513A582938CF2800D78DD4 /* gif */,
				512BAB24292A5024004F1D61 /* Assets.xcassets */,
			);
			path = Sourse;
			sourceTree = "<group>";
		};
		512BAB31292A68E7004F1D61 /* Storyboards */ = {
			isa = PBXGroup;
			children = (
				512BAB21292A5021004F1D61 /* Main.storyboard */,
				512BAB26292A5024004F1D61 /* LaunchScreen.storyboard */,
			);
			path = Storyboards;
			sourceTree = "<group>";
		};
		512BAB32292A68FC004F1D61 /* ViewControllers */ = {
			isa = PBXGroup;
			children = (
				51513A4F2938C30300D78DD4 /* StartViewController.swift */,
				51513A5D2939166B00D78DD4 /* TabBarViewController.swift */,
				A33B72572966F49A00E37ABB /* MainPortfolio */,
				A33B726329672A0E00E37ABB /* SearchController */,
				A33B72682967427400E37ABB /* DetailController */,
			);
			path = ViewControllers;
			sourceTree = "<group>";
		};
		512BAB33292A690C004F1D61 /* Models */ = {
			isa = PBXGroup;
			children = (
				512BAB35292A697E004F1D61 /* CoinsMarkets.swift */,
				A33B725F2967295A00E37ABB /* Assets.swift */,
				A33B72612967297C00E37ABB /* Coin.swift */,
			);
			path = Models;
			sourceTree = "<group>";
		};
		512BAB34292A6924004F1D61 /* Services */ = {
			isa = PBXGroup;
			children = (
				51D72441292D5AC800863E7C /* CreateLinkForMarkets.swift */,
				51D27DD8292BE04A00B8A7AD /* NetworkManager.swift */,
				51513A462937D0A800D78DD4 /* StorageManager.swift */,
			);
			path = Services;
			sourceTree = "<group>";
		};
		51513A582938CF2800D78DD4 /* gif */ = {
			isa = PBXGroup;
			children = (
				51513A592938CFB300D78DD4 /* logo.gif */,
			);
			path = gif;
			sourceTree = "<group>";
		};
		51C4041929315EBC00FD0DE6 /* Extension+ */ = {
			isa = PBXGroup;
			children = (
				51C4041A29315EFF00FD0DE6 /* AlertController +.swift */,
				51513A4D29380FFD00D78DD4 /* LogoAnimationView.swift */,
				A371AE3B2966175E00E13512 /* UIView +.swift */,
				A371AE4029661E5A00E13512 /* UIColor +.swift */,
			);
			path = "Extension+";
			sourceTree = "<group>";
		};
		51D27DD5292BDDD600B8A7AD /* SearchCell */ = {
			isa = PBXGroup;
			children = (
				51D27DD6292BDE0C00B8A7AD /* SearchTableViewCell.swift */,
				A33B726B2967541200E37ABB /* SearchCellViewModel.swift */,
			);
			path = SearchCell;
			sourceTree = "<group>";
		};
		A33B72572966F49A00E37ABB /* MainPortfolio */ = {
			isa = PBXGroup;
			children = (
				51D27DD3292BB35E00B8A7AD /* MainPortfolioViewController.swift */,
				A33B72582966F4BD00E37ABB /* MainPortfolioViewModel.swift */,
				A33B725A2966F4C900E37ABB /* MainCell */,
			);
			path = MainPortfolio;
			sourceTree = "<group>";
		};
		A33B725A2966F4C900E37ABB /* MainCell */ = {
			isa = PBXGroup;
			children = (
				51F78A9429327EA7006B85EF /* MainTableViewCell.swift */,
				A33B725B2966F4EF00E37ABB /* MainCellViewModel.swift */,
			);
			path = MainCell;
			sourceTree = "<group>";
		};
		A33B726329672A0E00E37ABB /* SearchController */ = {
			isa = PBXGroup;
			children = (
				A33B72662967377F00E37ABB /* SearchViewController.swift */,
				A33B726429672ABC00E37ABB /* SearchViewModel.swift */,
				51D27DD5292BDDD600B8A7AD /* SearchCell */,
			);
			path = SearchController;
			sourceTree = "<group>";
		};
		A33B72682967427400E37ABB /* DetailController */ = {
			isa = PBXGroup;
			children = (
				51DF7432292FD58000C30FE7 /* DatailViewController.swift */,
				A33B72692967429400E37ABB /* DatailViewModel.swift */,
			);
			path = DetailController;
			sourceTree = "<group>";
		};
		A371AE3D29661C9F00E13512 /* Helper */ = {
			isa = PBXGroup;
			children = (
				51C4041929315EBC00FD0DE6 /* Extension+ */,
				A371AE3E29661CE400E13512 /* Resources.swift */,
				A33B725D2966FA9000E37ABB /* Box.swift */,
			);
			path = Helper;
			sourceTree = "<group>";
		};
/* End PBXGroup section */

/* Begin PBXNativeTarget section */
		512BAB17292A5021004F1D61 /* CoinBackpack */ = {
			isa = PBXNativeTarget;
			buildConfigurationList = 512BAB2C292A5024004F1D61 /* Build configuration list for PBXNativeTarget "CoinBackpack" */;
			buildPhases = (
				512BAB14292A5021004F1D61 /* Sources */,
				512BAB15292A5021004F1D61 /* Frameworks */,
				512BAB16292A5021004F1D61 /* Resources */,
			);
			buildRules = (
			);
			dependencies = (
			);
			name = CoinBackpack;
			packageProductDependencies = (
				51D7243F292D3A9000863E7C /* Alamofire */,
				51513A4929380FCF00D78DD4 /* SwiftyGif */,
			);
			productName = CoinBackpack;
			productReference = 512BAB18292A5021004F1D61 /* CoinBackpack.app */;
			productType = "com.apple.product-type.application";
		};
/* End PBXNativeTarget section */

/* Begin PBXProject section */
		512BAB10292A5021004F1D61 /* Project object */ = {
			isa = PBXProject;
			attributes = {
				BuildIndependentTargetsInParallel = 1;
				LastSwiftUpdateCheck = 1340;
				LastUpgradeCheck = 1340;
				TargetAttributes = {
					512BAB17292A5021004F1D61 = {
						CreatedOnToolsVersion = 13.4.1;
					};
				};
			};
			buildConfigurationList = 512BAB13292A5021004F1D61 /* Build configuration list for PBXProject "CoinBackpack" */;
			compatibilityVersion = "Xcode 13.0";
			developmentRegion = en;
			hasScannedForEncodings = 0;
			knownRegions = (
				en,
				Base,
			);
			mainGroup = 512BAB0F292A5021004F1D61;
			packageReferences = (
				51D7243E292D3A9000863E7C /* XCRemoteSwiftPackageReference "Alamofire" */,
				51513A4829380FCF00D78DD4 /* XCRemoteSwiftPackageReference "SwiftyGif" */,
			);
			productRefGroup = 512BAB19292A5021004F1D61 /* Products */;
			projectDirPath = "";
			projectRoot = "";
			targets = (
				512BAB17292A5021004F1D61 /* CoinBackpack */,
			);
		};
/* End PBXProject section */

/* Begin PBXResourcesBuildPhase section */
		512BAB16292A5021004F1D61 /* Resources */ = {
			isa = PBXResourcesBuildPhase;
			buildActionMask = 2147483647;
			files = (
				512BAB28292A5024004F1D61 /* LaunchScreen.storyboard in Resources */,
				51513A5A2938CFB300D78DD4 /* logo.gif in Resources */,
				512BAB25292A5024004F1D61 /* Assets.xcassets in Resources */,
				512BAB23292A5021004F1D61 /* Main.storyboard in Resources */,
			);
			runOnlyForDeploymentPostprocessing = 0;
		};
/* End PBXResourcesBuildPhase section */

/* Begin PBXSourcesBuildPhase section */
		512BAB14292A5021004F1D61 /* Sources */ = {
			isa = PBXSourcesBuildPhase;
			buildActionMask = 2147483647;
			files = (
				A33B726C2967541200E37ABB /* SearchCellViewModel.swift in Sources */,
				A371AE4129661E5A00E13512 /* UIColor +.swift in Sources */,
				51513A5E2939166B00D78DD4 /* TabBarViewController.swift in Sources */,
				51F78A9529327EA7006B85EF /* MainTableViewCell.swift in Sources */,
				51513A502938C30300D78DD4 /* StartViewController.swift in Sources */,
				A33B726A2967429400E37ABB /* DatailViewModel.swift in Sources */,
				512BAB36292A697E004F1D61 /* CoinsMarkets.swift in Sources */,
				51513A472937D0A800D78DD4 /* StorageManager.swift in Sources */,
				51D72442292D5AC800863E7C /* CreateLinkForMarkets.swift in Sources */,
				512BAB1C292A5021004F1D61 /* AppDelegate.swift in Sources */,
				512BAB1E292A5021004F1D61 /* SceneDelegate.swift in Sources */,
				A371AE3F29661CE400E13512 /* Resources.swift in Sources */,
				A33B725C2966F4EF00E37ABB /* MainCellViewModel.swift in Sources */,
				A33B72602967295A00E37ABB /* Assets.swift in Sources */,
				A33B72622967297C00E37ABB /* Coin.swift in Sources */,
				A33B72592966F4BD00E37ABB /* MainPortfolioViewModel.swift in Sources */,
				A33B72672967377F00E37ABB /* SearchViewController.swift in Sources */,
				51D27DD4292BB35E00B8A7AD /* MainPortfolioViewController.swift in Sources */,
				51DF7433292FD58000C30FE7 /* DatailViewController.swift in Sources */,
				A33B725E2966FA9000E37ABB /* Box.swift in Sources */,
				A33B726529672ABC00E37ABB /* SearchViewModel.swift in Sources */,
				51D27DD7292BDE0C00B8A7AD /* SearchTableViewCell.swift in Sources */,
				51513A4E29380FFD00D78DD4 /* LogoAnimationView.swift in Sources */,
				A371AE3C2966175E00E13512 /* UIView +.swift in Sources */,
				51C4041B29315EFF00FD0DE6 /* AlertController +.swift in Sources */,
				51D27DD9292BE04A00B8A7AD /* NetworkManager.swift in Sources */,
			);
			runOnlyForDeploymentPostprocessing = 0;
		};
/* End PBXSourcesBuildPhase section */

/* Begin PBXVariantGroup section */
		512BAB21292A5021004F1D61 /* Main.storyboard */ = {
			isa = PBXVariantGroup;
			children = (
				512BAB22292A5021004F1D61 /* Base */,
			);
			name = Main.storyboard;
			sourceTree = "<group>";
		};
		512BAB26292A5024004F1D61 /* LaunchScreen.storyboard */ = {
			isa = PBXVariantGroup;
			children = (
				512BAB27292A5024004F1D61 /* Base */,
			);
			name = LaunchScreen.storyboard;
			sourceTree = "<group>";
		};
/* End PBXVariantGroup section */

/* Begin XCBuildConfiguration section */
		512BAB2A292A5024004F1D61 /* Debug */ = {
			isa = XCBuildConfiguration;
			buildSettings = {
				ALWAYS_SEARCH_USER_PATHS = NO;
				CLANG_ANALYZER_NONNULL = YES;
				CLANG_ANALYZER_NUMBER_OBJECT_CONVERSION = YES_AGGRESSIVE;
				CLANG_CXX_LANGUAGE_STANDARD = "gnu++17";
				CLANG_ENABLE_MODULES = YES;
				CLANG_ENABLE_OBJC_ARC = YES;
				CLANG_ENABLE_OBJC_WEAK = YES;
				CLANG_WARN_BLOCK_CAPTURE_AUTORELEASING = YES;
				CLANG_WARN_BOOL_CONVERSION = YES;
				CLANG_WARN_COMMA = YES;
				CLANG_WARN_CONSTANT_CONVERSION = YES;
				CLANG_WARN_DEPRECATED_OBJC_IMPLEMENTATIONS = YES;
				CLANG_WARN_DIRECT_OBJC_ISA_USAGE = YES_ERROR;
				CLANG_WARN_DOCUMENTATION_COMMENTS = YES;
				CLANG_WARN_EMPTY_BODY = YES;
				CLANG_WARN_ENUM_CONVERSION = YES;
				CLANG_WARN_INFINITE_RECURSION = YES;
				CLANG_WARN_INT_CONVERSION = YES;
				CLANG_WARN_NON_LITERAL_NULL_CONVERSION = YES;
				CLANG_WARN_OBJC_IMPLICIT_RETAIN_SELF = YES;
				CLANG_WARN_OBJC_LITERAL_CONVERSION = YES;
				CLANG_WARN_OBJC_ROOT_CLASS = YES_ERROR;
				CLANG_WARN_QUOTED_INCLUDE_IN_FRAMEWORK_HEADER = YES;
				CLANG_WARN_RANGE_LOOP_ANALYSIS = YES;
				CLANG_WARN_STRICT_PROTOTYPES = YES;
				CLANG_WARN_SUSPICIOUS_MOVE = YES;
				CLANG_WARN_UNGUARDED_AVAILABILITY = YES_AGGRESSIVE;
				CLANG_WARN_UNREACHABLE_CODE = YES;
				CLANG_WARN__DUPLICATE_METHOD_MATCH = YES;
				COPY_PHASE_STRIP = NO;
				DEBUG_INFORMATION_FORMAT = dwarf;
				ENABLE_STRICT_OBJC_MSGSEND = YES;
				ENABLE_TESTABILITY = YES;
				GCC_C_LANGUAGE_STANDARD = gnu11;
				GCC_DYNAMIC_NO_PIC = NO;
				GCC_NO_COMMON_BLOCKS = YES;
				GCC_OPTIMIZATION_LEVEL = 0;
				GCC_PREPROCESSOR_DEFINITIONS = (
					"DEBUG=1",
					"$(inherited)",
				);
				GCC_WARN_64_TO_32_BIT_CONVERSION = YES;
				GCC_WARN_ABOUT_RETURN_TYPE = YES_ERROR;
				GCC_WARN_UNDECLARED_SELECTOR = YES;
				GCC_WARN_UNINITIALIZED_AUTOS = YES_AGGRESSIVE;
				GCC_WARN_UNUSED_FUNCTION = YES;
				GCC_WARN_UNUSED_VARIABLE = YES;
				IPHONEOS_DEPLOYMENT_TARGET = 15.0;
				MTL_ENABLE_DEBUG_INFO = INCLUDE_SOURCE;
				MTL_FAST_MATH = YES;
				ONLY_ACTIVE_ARCH = YES;
				SDKROOT = iphoneos;
				SWIFT_ACTIVE_COMPILATION_CONDITIONS = DEBUG;
				SWIFT_OPTIMIZATION_LEVEL = "-Onone";
			};
			name = Debug;
		};
		512BAB2B292A5024004F1D61 /* Release */ = {
			isa = XCBuildConfiguration;
			buildSettings = {
				ALWAYS_SEARCH_USER_PATHS = NO;
				CLANG_ANALYZER_NONNULL = YES;
				CLANG_ANALYZER_NUMBER_OBJECT_CONVERSION = YES_AGGRESSIVE;
				CLANG_CXX_LANGUAGE_STANDARD = "gnu++17";
				CLANG_ENABLE_MODULES = YES;
				CLANG_ENABLE_OBJC_ARC = YES;
				CLANG_ENABLE_OBJC_WEAK = YES;
				CLANG_WARN_BLOCK_CAPTURE_AUTORELEASING = YES;
				CLANG_WARN_BOOL_CONVERSION = YES;
				CLANG_WARN_COMMA = YES;
				CLANG_WARN_CONSTANT_CONVERSION = YES;
				CLANG_WARN_DEPRECATED_OBJC_IMPLEMENTATIONS = YES;
				CLANG_WARN_DIRECT_OBJC_ISA_USAGE = YES_ERROR;
				CLANG_WARN_DOCUMENTATION_COMMENTS = YES;
				CLANG_WARN_EMPTY_BODY = YES;
				CLANG_WARN_ENUM_CONVERSION = YES;
				CLANG_WARN_INFINITE_RECURSION = YES;
				CLANG_WARN_INT_CONVERSION = YES;
				CLANG_WARN_NON_LITERAL_NULL_CONVERSION = YES;
				CLANG_WARN_OBJC_IMPLICIT_RETAIN_SELF = YES;
				CLANG_WARN_OBJC_LITERAL_CONVERSION = YES;
				CLANG_WARN_OBJC_ROOT_CLASS = YES_ERROR;
				CLANG_WARN_QUOTED_INCLUDE_IN_FRAMEWORK_HEADER = YES;
				CLANG_WARN_RANGE_LOOP_ANALYSIS = YES;
				CLANG_WARN_STRICT_PROTOTYPES = YES;
				CLANG_WARN_SUSPICIOUS_MOVE = YES;
				CLANG_WARN_UNGUARDED_AVAILABILITY = YES_AGGRESSIVE;
				CLANG_WARN_UNREACHABLE_CODE = YES;
				CLANG_WARN__DUPLICATE_METHOD_MATCH = YES;
				COPY_PHASE_STRIP = NO;
				DEBUG_INFORMATION_FORMAT = "dwarf-with-dsym";
				ENABLE_NS_ASSERTIONS = NO;
				ENABLE_STRICT_OBJC_MSGSEND = YES;
				GCC_C_LANGUAGE_STANDARD = gnu11;
				GCC_NO_COMMON_BLOCKS = YES;
				GCC_WARN_64_TO_32_BIT_CONVERSION = YES;
				GCC_WARN_ABOUT_RETURN_TYPE = YES_ERROR;
				GCC_WARN_UNDECLARED_SELECTOR = YES;
				GCC_WARN_UNINITIALIZED_AUTOS = YES_AGGRESSIVE;
				GCC_WARN_UNUSED_FUNCTION = YES;
				GCC_WARN_UNUSED_VARIABLE = YES;
				IPHONEOS_DEPLOYMENT_TARGET = 15.0;
				MTL_ENABLE_DEBUG_INFO = NO;
				MTL_FAST_MATH = YES;
				SDKROOT = iphoneos;
				SWIFT_COMPILATION_MODE = wholemodule;
				SWIFT_OPTIMIZATION_LEVEL = "-O";
				VALIDATE_PRODUCT = YES;
			};
			name = Release;
		};
		512BAB2D292A5024004F1D61 /* Debug */ = {
			isa = XCBuildConfiguration;
			buildSettings = {
				ASSETCATALOG_COMPILER_APPICON_NAME = AppIcon;
				ASSETCATALOG_COMPILER_GLOBAL_ACCENT_COLOR_NAME = AccentColor;
				CODE_SIGN_STYLE = Automatic;
				CURRENT_PROJECT_VERSION = 2;
				DEVELOPMENT_TEAM = LBKPR9U7Q9;
				GENERATE_INFOPLIST_FILE = YES;
				INFOPLIST_FILE = CoinBackpack/SupportingFiles/Info.plist;
				INFOPLIST_KEY_UIApplicationSupportsIndirectInputEvents = YES;
				INFOPLIST_KEY_UILaunchStoryboardName = LaunchScreen;
				INFOPLIST_KEY_UIMainStoryboardFile = Main;
				INFOPLIST_KEY_UISupportedInterfaceOrientations = UIInterfaceOrientationPortrait;
				INFOPLIST_KEY_UISupportedInterfaceOrientations_iPad = "UIInterfaceOrientationLandscapeLeft UIInterfaceOrientationLandscapeRight UIInterfaceOrientationPortrait UIInterfaceOrientationPortraitUpsideDown";
				IPHONEOS_DEPLOYMENT_TARGET = 15.0;
				LD_RUNPATH_SEARCH_PATHS = (
					"$(inherited)",
					"@executable_path/Frameworks",
				);
				MARKETING_VERSION = 2.0;
				PRODUCT_BUNDLE_IDENTIFIER = com.tirexgroup.CoinBackpack;
				PRODUCT_NAME = "$(TARGET_NAME)";
				SUPPORTED_PLATFORMS = "iphoneos iphonesimulator";
				SUPPORTS_MACCATALYST = NO;
				SUPPORTS_MAC_DESIGNED_FOR_IPHONE_IPAD = NO;
				SWIFT_EMIT_LOC_STRINGS = YES;
				SWIFT_VERSION = 5.0;
				TARGETED_DEVICE_FAMILY = 1;
			};
			name = Debug;
		};
		512BAB2E292A5024004F1D61 /* Release */ = {
			isa = XCBuildConfiguration;
			buildSettings = {
				ASSETCATALOG_COMPILER_APPICON_NAME = AppIcon;
				ASSETCATALOG_COMPILER_GLOBAL_ACCENT_COLOR_NAME = AccentColor;
				CODE_SIGN_STYLE = Automatic;
				CURRENT_PROJECT_VERSION = 2;
				DEVELOPMENT_TEAM = LBKPR9U7Q9;
				GENERATE_INFOPLIST_FILE = YES;
				INFOPLIST_FILE = CoinBackpack/SupportingFiles/Info.plist;
				INFOPLIST_KEY_UIApplicationSupportsIndirectInputEvents = YES;
				INFOPLIST_KEY_UILaunchStoryboardName = LaunchScreen;
				INFOPLIST_KEY_UIMainStoryboardFile = Main;
				INFOPLIST_KEY_UISupportedInterfaceOrientations = UIInterfaceOrientationPortrait;
				INFOPLIST_KEY_UISupportedInterfaceOrientations_iPad = "UIInterfaceOrientationLandscapeLeft UIInterfaceOrientationLandscapeRight UIInterfaceOrientationPortrait UIInterfaceOrientationPortraitUpsideDown";
				IPHONEOS_DEPLOYMENT_TARGET = 15.0;
				LD_RUNPATH_SEARCH_PATHS = (
					"$(inherited)",
					"@executable_path/Frameworks",
				);
				MARKETING_VERSION = 2.0;
				PRODUCT_BUNDLE_IDENTIFIER = com.tirexgroup.CoinBackpack;
				PRODUCT_NAME = "$(TARGET_NAME)";
				SUPPORTED_PLATFORMS = "iphoneos iphonesimulator";
				SUPPORTS_MACCATALYST = NO;
				SUPPORTS_MAC_DESIGNED_FOR_IPHONE_IPAD = NO;
				SWIFT_EMIT_LOC_STRINGS = YES;
				SWIFT_VERSION = 5.0;
				TARGETED_DEVICE_FAMILY = 1;
			};
			name = Release;
		};
/* End XCBuildConfiguration section */

/* Begin XCConfigurationList section */
		512BAB13292A5021004F1D61 /* Build configuration list for PBXProject "CoinBackpack" */ = {
			isa = XCConfigurationList;
			buildConfigurations = (
				512BAB2A292A5024004F1D61 /* Debug */,
				512BAB2B292A5024004F1D61 /* Release */,
			);
			defaultConfigurationIsVisible = 0;
			defaultConfigurationName = Release;
		};
		512BAB2C292A5024004F1D61 /* Build configuration list for PBXNativeTarget "CoinBackpack" */ = {
			isa = XCConfigurationList;
			buildConfigurations = (
				512BAB2D292A5024004F1D61 /* Debug */,
				512BAB2E292A5024004F1D61 /* Release */,
			);
			defaultConfigurationIsVisible = 0;
			defaultConfigurationName = Release;
		};
/* End XCConfigurationList section */

/* Begin XCRemoteSwiftPackageReference section */
		51513A4829380FCF00D78DD4 /* XCRemoteSwiftPackageReference "SwiftyGif" */ = {
			isa = XCRemoteSwiftPackageReference;
			repositoryURL = "https://github.com/kirualex/SwiftyGif.git";
			requirement = {
				kind = upToNextMajorVersion;
				minimumVersion = 5.0.0;
			};
		};
		51D7243E292D3A9000863E7C /* XCRemoteSwiftPackageReference "Alamofire" */ = {
			isa = XCRemoteSwiftPackageReference;
			repositoryURL = "https://github.com/Alamofire/Alamofire.git";
			requirement = {
				kind = upToNextMajorVersion;
				minimumVersion = 5.0.0;
			};
		};
/* End XCRemoteSwiftPackageReference section */

/* Begin XCSwiftPackageProductDependency section */
		51513A4929380FCF00D78DD4 /* SwiftyGif */ = {
			isa = XCSwiftPackageProductDependency;
			package = 51513A4829380FCF00D78DD4 /* XCRemoteSwiftPackageReference "SwiftyGif" */;
			productName = SwiftyGif;
		};
		51D7243F292D3A9000863E7C /* Alamofire */ = {
			isa = XCSwiftPackageProductDependency;
			package = 51D7243E292D3A9000863E7C /* XCRemoteSwiftPackageReference "Alamofire" */;
			productName = Alamofire;
		};
/* End XCSwiftPackageProductDependency section */
	};
	rootObject = 512BAB10292A5021004F1D61 /* Project object */;
}
